
Microsoft Visual Studio Solution File, Format Version 12.00
# Visual Studio 14
VisualStudioVersion = 14.0.22310.1
MinimumVisualStudioVersion = 10.0.40219.1
Project("{2150E333-8FDC-42A3-9474-1A3956D46DE8}") = "src", "src", "{6A1203D2-2505-452A-ACFF-7C5811CB8F64}"
EndProject
Project("{2150E333-8FDC-42A3-9474-1A3956D46DE8}") = "ShareSource", "ShareSource", "{F12C27AD-4591-4279-A6B7-DF8A09861427}"
EndProject
Project("{D954291E-2A0B-460D-934E-DC6B0785DB48}") = "ShareSource.Shared", "ShareSource\ShareSource.Shared\ShareSource.Shared.shproj", "{98D48F57-6B52-46FE-9B35-B1D99AC5E5A3}"
EndProject
Project("{FAE04EC0-301F-11D3-BF4B-00C04F79EFBC}") = "ShareSource.Windows", "ShareSource\ShareSource.Windows\ShareSource.Windows.csproj", "{C242D90B-23F8-4B04-BEF3-7DD9597C6E0B}"
EndProject
Project("{FAE04EC0-301F-11D3-BF4B-00C04F79EFBC}") = "ShareSource.WindowsPhone", "ShareSource\ShareSource.WindowsPhone\ShareSource.WindowsPhone.csproj", "{251C27C4-1915-4C29-AA53-4ECDFC515966}"
EndProject
Global
	GlobalSection(SharedMSBuildProjectFiles) = preSolution
		ShareSource\ShareSource.Shared\ShareSource.Shared.projitems*{c242d90b-23f8-4b04-bef3-7dd9597c6e0b}*SharedItemsImports = 4
		ShareSource\ShareSource.Shared\ShareSource.Shared.projitems*{98d48f57-6b52-46fe-9b35-b1d99ac5e5a3}*SharedItemsImports = 13
		ShareSource\ShareSource.Shared\ShareSource.Shared.projitems*{251c27c4-1915-4c29-aa53-4ecdfc515966}*SharedItemsImports = 4
	EndGlobalSection
	GlobalSection(SolutionConfigurationPlatforms) = preSolution
		Debug|Any CPU = Debug|Any CPU
		Debug|ARM = Debug|ARM
		Debug|x64 = Debug|x64
		Debug|x86 = Debug|x86
		Release|Any CPU = Release|Any CPU
		Release|ARM = Release|ARM
		Release|x64 = Release|x64
		Release|x86 = Release|x86
	EndGlobalSection
	GlobalSection(ProjectConfigurationPlatforms) = postSolution
		{C242D90B-23F8-4B04-BEF3-7DD9597C6E0B}.Debug|Any CPU.ActiveCfg = Debug|Any CPU
		{C242D90B-23F8-4B04-BEF3-7DD9597C6E0B}.Debug|Any CPU.Build.0 = Debug|Any CPU
		{C242D90B-23F8-4B04-BEF3-7DD9597C6E0B}.Debug|Any CPU.Deploy.0 = Debug|Any CPU
		{C242D90B-23F8-4B04-BEF3-7DD9597C6E0B}.Debug|ARM.ActiveCfg = Debug|ARM
		{C242D90B-23F8-4B04-BEF3-7DD9597C6E0B}.Debug|ARM.Build.0 = Debug|ARM
		{C242D90B-23F8-4B04-BEF3-7DD9597C6E0B}.Debug|ARM.Deploy.0 = Debug|ARM
		{C242D90B-23F8-4B04-BEF3-7DD9597C6E0B}.Debug|x64.ActiveCfg = Debug|x64
		{C242D90B-23F8-4B04-BEF3-7DD9597C6E0B}.Debug|x64.Build.0 = Debug|x64
		{C242D90B-23F8-4B04-BEF3-7DD9597C6E0B}.Debug|x64.Deploy.0 = Debug|x64
		{C242D90B-23F8-4B04-BEF3-7DD9597C6E0B}.Debug|x86.ActiveCfg = Debug|x86
		{C242D90B-23F8-4B04-BEF3-7DD9597C6E0B}.Debug|x86.Build.0 = Debug|x86
		{C242D90B-23F8-4B04-BEF3-7DD9597C6E0B}.Debug|x86.Deploy.0 = Debug|x86
		{C242D90B-23F8-4B04-BEF3-7DD9597C6E0B}.Release|Any CPU.ActiveCfg = Release|Any CPU
		{C242D90B-23F8-4B04-BEF3-7DD9597C6E0B}.Release|Any CPU.Build.0 = Release|Any CPU
		{C242D90B-23F8-4B04-BEF3-7DD9597C6E0B}.Release|Any CPU.Deploy.0 = Release|Any CPU
		{C242D90B-23F8-4B04-BEF3-7DD9597C6E0B}.Release|ARM.ActiveCfg = Release|ARM
		{C242D90B-23F8-4B04-BEF3-7DD9597C6E0B}.Release|ARM.Build.0 = Release|ARM
		{C242D90B-23F8-4B04-BEF3-7DD9597C6E0B}.Release|ARM.Deploy.0 = Release|ARM
		{C242D90B-23F8-4B04-BEF3-7DD9597C6E0B}.Release|x64.ActiveCfg = Release|x64
		{C242D90B-23F8-4B04-BEF3-7DD9597C6E0B}.Release|x64.Build.0 = Release|x64
		{C242D90B-23F8-4B04-BEF3-7DD9597C6E0B}.Release|x64.Deploy.0 = Release|x64
		{C242D90B-23F8-4B04-BEF3-7DD9597C6E0B}.Release|x86.ActiveCfg = Release|x86
		{C242D90B-23F8-4B04-BEF3-7DD9597C6E0B}.Release|x86.Build.0 = Release|x86
		{C242D90B-23F8-4B04-BEF3-7DD9597C6E0B}.Release|x86.Deploy.0 = Release|x86
		{251C27C4-1915-4C29-AA53-4ECDFC515966}.Debug|Any CPU.ActiveCfg = Debug|Any CPU
		{251C27C4-1915-4C29-AA53-4ECDFC515966}.Debug|Any CPU.Build.0 = Debug|Any CPU
		{251C27C4-1915-4C29-AA53-4ECDFC515966}.Debug|Any CPU.Deploy.0 = Debug|Any CPU
		{251C27C4-1915-4C29-AA53-4ECDFC515966}.Debug|ARM.ActiveCfg = Debug|ARM
		{251C27C4-1915-4C29-AA53-4ECDFC515966}.Debug|ARM.Build.0 = Debug|ARM
		{251C27C4-1915-4C29-AA53-4ECDFC515966}.Debug|ARM.Deploy.0 = Debug|ARM
		{251C27C4-1915-4C29-AA53-4ECDFC515966}.Debug|x64.ActiveCfg = Debug|Any CPU
		{251C27C4-1915-4C29-AA53-4ECDFC515966}.Debug|x64.Build.0 = Debug|Any CPU
		{251C27C4-1915-4C29-AA53-4ECDFC515966}.Debug|x64.Deploy.0 = Debug|Any CPU
		{251C27C4-1915-4C29-AA53-4ECDFC515966}.Debug|x86.ActiveCfg = Debug|x86
		{251C27C4-1915-4C29-AA53-4ECDFC515966}.Debug|x86.Build.0 = Debug|x86
		{251C27C4-1915-4C29-AA53-4ECDFC515966}.Debug|x86.Deploy.0 = Debug|x86
		{251C27C4-1915-4C29-AA53-4ECDFC515966}.Release|Any CPU.ActiveCfg = Release|Any CPU
		{251C27C4-1915-4C29-AA53-4ECDFC515966}.Release|Any CPU.Build.0 = Release|Any CPU
		{251C27C4-1915-4C29-AA53-4ECDFC515966}.Release|Any CPU.Deploy.0 = Release|Any CPU
		{251C27C4-1915-4C29-AA53-4ECDFC515966}.Release|ARM.ActiveCfg = Release|ARM
		{251C27C4-1915-4C29-AA53-4ECDFC515966}.Release|ARM.Build.0 = Release|ARM
		{251C27C4-1915-4C29-AA53-4ECDFC515966}.Release|ARM.Deploy.0 = Release|ARM
		{251C27C4-1915-4C29-AA53-4ECDFC515966}.Release|x64.ActiveCfg = Release|Any CPU
		{251C27C4-1915-4C29-AA53-4ECDFC515966}.Release|x64.Build.0 = Release|Any CPU
		{251C27C4-1915-4C29-AA53-4ECDFC515966}.Release|x64.Deploy.0 = Release|Any CPU
		{251C27C4-1915-4C29-AA53-4ECDFC515966}.Release|x86.ActiveCfg = Release|x86
		{251C27C4-1915-4C29-AA53-4ECDFC515966}.Release|x86.Build.0 = Release|x86
		{251C27C4-1915-4C29-AA53-4ECDFC515966}.Release|x86.Deploy.0 = Release|x86
	EndGlobalSection
	GlobalSection(SolutionProperties) = preSolution
		HideSolutionNode = FALSE
	EndGlobalSection
	GlobalSection(NestedProjects) = preSolution
		{F12C27AD-4591-4279-A6B7-DF8A09861427} = {6A1203D2-2505-452A-ACFF-7C5811CB8F64}
		{98D48F57-6B52-46FE-9B35-B1D99AC5E5A3} = {F12C27AD-4591-4279-A6B7-DF8A09861427}
		{C242D90B-23F8-4B04-BEF3-7DD9597C6E0B} = {F12C27AD-4591-4279-A6B7-DF8A09861427}
		{251C27C4-1915-4C29-AA53-4ECDFC515966} = {F12C27AD-4591-4279-A6B7-DF8A09861427}
	EndGlobalSection
EndGlobal
